
Microsoft Visual Studio Solution File, Format Version 12.00
# Visual Studio Version 16
VisualStudioVersion = 16.0.31321.278
MinimumVisualStudioVersion = 10.0.40219.1
Project("{FAE04EC0-301F-11D3-BF4B-00C04F79EFBC}") = "FileOps", "FileOps\FileOps.csproj", "{C7CB542A-CEB8-440F-926B-6C396D6C9376}"
EndProject
Global
	GlobalSection(SolutionConfigurationPlatforms) = preSolution
		Debug|Any CPU = Debug|Any CPU
		Release|Any CPU = Release|Any CPU
	EndGlobalSection
	GlobalSection(ProjectConfigurationPlatforms) = postSolution
		{C7CB542A-CEB8-440F-926B-6C396D6C9376}.Debug|Any CPU.ActiveCfg = Debug|Any CPU
		{C7CB542A-CEB8-440F-926B-6C396D6C9376}.Debug|Any CPU.Build.0 = Debug|Any CPU
		{C7CB542A-CEB8-440F-926B-6C396D6C9376}.Release|Any CPU.ActiveCfg = Release|Any CPU
		{C7CB542A-CEB8-440F-926B-6C396D6C9376}.Release|Any CPU.Build.0 = Release|Any CPU
	EndGlobalSection
	GlobalSection(SolutionProperties) = preSolution
		HideSolutionNode = FALSE
	EndGlobalSection
	GlobalSection(ExtensibilityGlobals) = postSolution
		SolutionGuid = {72AA098F-12D8-455B-B87A-6C488182E219}
	EndGlobalSection
EndGlobal
